
Microsoft Visual Studio Solution File, Format Version 12.00
# Visual Studio 15
VisualStudioVersion = 15.0.28307.421
MinimumVisualStudioVersion = 10.0.40219.1
Project("{FAE04EC0-301F-11D3-BF4B-00C04F79EFBC}") = "PassphraseMaker", "PassphraseMaker\PassphraseMaker.csproj", "{AA4A03F0-7F12-4CDD-ADE2-5DD964BDDC2D}"
EndProject
Global
	GlobalSection(SolutionConfigurationPlatforms) = preSolution
		Debug|Any CPU = Debug|Any CPU
		Release|Any CPU = Release|Any CPU
	EndGlobalSection
	GlobalSection(ProjectConfigurationPlatforms) = postSolution
		{AA4A03F0-7F12-4CDD-ADE2-5DD964BDDC2D}.Debug|Any CPU.ActiveCfg = Debug|Any CPU
		{AA4A03F0-7F12-4CDD-ADE2-5DD964BDDC2D}.Debug|Any CPU.Build.0 = Debug|Any CPU
		{AA4A03F0-7F12-4CDD-ADE2-5DD964BDDC2D}.Release|Any CPU.ActiveCfg = Release|Any CPU
		{AA4A03F0-7F12-4CDD-ADE2-5DD964BDDC2D}.Release|Any CPU.Build.0 = Release|Any CPU
	EndGlobalSection
	GlobalSection(SolutionProperties) = preSolution
		HideSolutionNode = FALSE
	EndGlobalSection
	GlobalSection(ExtensibilityGlobals) = postSolution
		SolutionGuid = {7EE6CB42-D44B-4CB2-985C-5270F2CB52B8}
	EndGlobalSection
EndGlobal
